
Microsoft Visual Studio Solution File, Format Version 12.00
# Visual Studio Version 17
VisualStudioVersion = 17.13.35825.156 d17.13
MinimumVisualStudioVersion = 10.0.40219.1
Project("{FAE04EC0-301F-11D3-BF4B-00C04F79EFBC}") = "CovidPatients", "CovidPatients\CovidPatients.csproj", "{F791434B-C44B-4D71-AA41-A92B59449B1A}"
EndProject
Global
	GlobalSection(SolutionConfigurationPlatforms) = preSolution
		Debug|Any CPU = Debug|Any CPU
		Release|Any CPU = Release|Any CPU
	EndGlobalSection
	GlobalSection(ProjectConfigurationPlatforms) = postSolution
		{F791434B-C44B-4D71-AA41-A92B59449B1A}.Debug|Any CPU.ActiveCfg = Debug|Any CPU
		{F791434B-C44B-4D71-AA41-A92B59449B1A}.Debug|Any CPU.Build.0 = Debug|Any CPU
		{F791434B-C44B-4D71-AA41-A92B59449B1A}.Release|Any CPU.ActiveCfg = Release|Any CPU
		{F791434B-C44B-4D71-AA41-A92B59449B1A}.Release|Any CPU.Build.0 = Release|Any CPU
	EndGlobalSection
	GlobalSection(SolutionProperties) = preSolution
		HideSolutionNode = FALSE
	EndGlobalSection
	GlobalSection(ExtensibilityGlobals) = postSolution
		SolutionGuid = {1182DF6D-8B30-4BC3-97BE-7A29799594DF}
	EndGlobalSection
EndGlobal
